
Microsoft Visual Studio Solution File, Format Version 12.00
# Visual Studio 15
VisualStudioVersion = 15.0.27130.2036
MinimumVisualStudioVersion = 10.0.40219.1
Project("{CC5FD16D-436D-48AD-A40C-5A424C6E3E79}") = "SFA.DAS.Data", "SFA.DAS.Data\SFA.DAS.Data.ccproj", "{52E3443E-ABB9-4BBD-9C15-8EA6B900D272}"
EndProject
Project("{2150E333-8FDC-42A3-9474-1A3956D46DE8}") = "Solution Items", "Solution Items", "{808AA0D0-5470-4B62-AAE5-C399E7C1B2AD}"
	ProjectSection(SolutionItems) = preProject
		Build.fsx = Build.fsx
		CustomTargets.fsx = CustomTargets.fsx
		DefaultTargets.fsx = DefaultTargets.fsx
		RunBuild.bat = RunBuild.bat
	EndProjectSection
EndProject
Project("{2150E333-8FDC-42A3-9474-1A3956D46DE8}") = "Tests", "Tests", "{FA405FFF-76C8-4D29-A6C1-FE0A3670A249}"
EndProject
Project("{00D1A9C2-B5F0-4AF3-8072-F6C62B433612}") = "SFA.DAS.Data.Database", "SFA.DAS.Data.Database\SFA.DAS.Data.Database.sqlproj", "{41BB71F2-1220-486D-99F8-71A9D69B1296}"
EndProject
Project("{FAE04EC0-301F-11D3-BF4B-00C04F79EFBC}") = "SFA.DAS.Data.Infrastructure", "SFA.DAS.Data.Infrastructure\SFA.DAS.Data.Infrastructure.csproj", "{1634D299-63E6-45DC-B161-AD8BDBDB0C40}"
EndProject
Project("{FAE04EC0-301F-11D3-BF4B-00C04F79EFBC}") = "SFA.DAS.Data.Application", "SFA.DAS.Data.Application\SFA.DAS.Data.Application.csproj", "{E2794B6D-456B-4FD2-8694-CCFB141F5A02}"
EndProject
Project("{FAE04EC0-301F-11D3-BF4B-00C04F79EFBC}") = "SFA.DAS.Data.Application.UnitTests", "SFA.DAS.Data.Application.UnitTests\SFA.DAS.Data.Application.UnitTests.csproj", "{3A94F38B-7B28-4F77-B448-A643DA30EF69}"
EndProject
Project("{FAE04EC0-301F-11D3-BF4B-00C04F79EFBC}") = "SFA.DAS.Data.Worker", "SFA.DAS.Data.Worker\SFA.DAS.Data.Worker.csproj", "{4EC2EA06-3477-4F22-98B4-70DC29FC67A8}"
EndProject
Project("{FAE04EC0-301F-11D3-BF4B-00C04F79EFBC}") = "SFA.DAS.Data.Worker.UnitTests", "SFA.DAS.Data.Worker.UnitTests\SFA.DAS.Data.Worker.UnitTests.csproj", "{677DDD47-E2DD-482F-9804-7B5BC61BE7B8}"
EndProject
Project("{FAE04EC0-301F-11D3-BF4B-00C04F79EFBC}") = "SFA.DAS.Data.AcceptanceTests", "SFA.DAS.Data.AcceptanceTests\SFA.DAS.Data.AcceptanceTests.csproj", "{2FB7D98B-ACA6-4F8B-8B5C-EDF48778860A}"
EndProject
Project("{FAE04EC0-301F-11D3-BF4B-00C04F79EFBC}") = "SFA.DAS.Data.Tests.Builders", "SFA.DAS.Data.Tests.Builders\SFA.DAS.Data.Tests.Builders.csproj", "{D25D12F9-952C-484F-8E23-CA4F207FEC79}"
EndProject
Project("{FAE04EC0-301F-11D3-BF4B-00C04F79EFBC}") = "SFA.DAS.Data.Domain", "SFA.DAS.Data.Domain\SFA.DAS.Data.Domain.csproj", "{4AAD17AA-1127-471A-8D28-BA1C5DA7D18A}"
EndProject
Project("{FAE04EC0-301F-11D3-BF4B-00C04F79EFBC}") = "SFA.DAS.Data.Infrastructure.UnitTests", "SFA.DAS.Data.Infrastructure.UnitTests\SFA.DAS.Data.Infrastructure.UnitTests.csproj", "{F8B3BF9E-E2EC-453B-8BCE-5425D3749D23}"
EndProject
Project("{FAE04EC0-301F-11D3-BF4B-00C04F79EFBC}") = "SFA.DAS.Data.DatabaseTests", "SFA.DAS.Data.DatabaseTests\SFA.DAS.Data.DatabaseTests.csproj", "{9D8D68B1-BBBB-4290-9D8F-263B4EFA26FC}"
EndProject
Project("{FAE04EC0-301F-11D3-BF4B-00C04F79EFBC}") = "SFA.DAS.Data.PerformancePlatform.WebJob", "SFA.DAS.Data.PerformancePlatform.WebJob\SFA.DAS.Data.PerformancePlatform.WebJob.csproj", "{86422A30-BBF3-45BE-84B5-B53C2351319D}"
EndProject
Project("{FAE04EC0-301F-11D3-BF4B-00C04F79EFBC}") = "SFA.DAS.Data.Host.WebJob", "SFA.DAS.Data.Host.WebJob\SFA.DAS.Data.Host.WebJob.csproj", "{D9B27E8F-E993-472A-8F2E-90BDD7626B5B}"
EndProject
Project("{FAE04EC0-301F-11D3-BF4B-00C04F79EFBC}") = "SFA.DAS.Data.Functions", "SFA.DAS.Data.Functions\SFA.DAS.Data.Functions.csproj", "{5C652B98-87C1-45CD-AB44-6F475223EFD4}"
EndProject
Global
	GlobalSection(SolutionConfigurationPlatforms) = preSolution
		Debug|Any CPU = Debug|Any CPU
		Release|Any CPU = Release|Any CPU
	EndGlobalSection
	GlobalSection(ProjectConfigurationPlatforms) = postSolution
		{52E3443E-ABB9-4BBD-9C15-8EA6B900D272}.Debug|Any CPU.ActiveCfg = Debug|Any CPU
		{52E3443E-ABB9-4BBD-9C15-8EA6B900D272}.Debug|Any CPU.Build.0 = Debug|Any CPU
		{52E3443E-ABB9-4BBD-9C15-8EA6B900D272}.Release|Any CPU.ActiveCfg = Release|Any CPU
		{52E3443E-ABB9-4BBD-9C15-8EA6B900D272}.Release|Any CPU.Build.0 = Release|Any CPU
		{41BB71F2-1220-486D-99F8-71A9D69B1296}.Debug|Any CPU.ActiveCfg = Debug|Any CPU
		{41BB71F2-1220-486D-99F8-71A9D69B1296}.Debug|Any CPU.Build.0 = Debug|Any CPU
		{41BB71F2-1220-486D-99F8-71A9D69B1296}.Debug|Any CPU.Deploy.0 = Debug|Any CPU
		{41BB71F2-1220-486D-99F8-71A9D69B1296}.Release|Any CPU.ActiveCfg = Release|Any CPU
		{41BB71F2-1220-486D-99F8-71A9D69B1296}.Release|Any CPU.Build.0 = Release|Any CPU
		{41BB71F2-1220-486D-99F8-71A9D69B1296}.Release|Any CPU.Deploy.0 = Release|Any CPU
		{1634D299-63E6-45DC-B161-AD8BDBDB0C40}.Debug|Any CPU.ActiveCfg = Debug|Any CPU
		{1634D299-63E6-45DC-B161-AD8BDBDB0C40}.Debug|Any CPU.Build.0 = Debug|Any CPU
		{1634D299-63E6-45DC-B161-AD8BDBDB0C40}.Release|Any CPU.ActiveCfg = Release|Any CPU
		{1634D299-63E6-45DC-B161-AD8BDBDB0C40}.Release|Any CPU.Build.0 = Release|Any CPU
		{E2794B6D-456B-4FD2-8694-CCFB141F5A02}.Debug|Any CPU.ActiveCfg = Debug|Any CPU
		{E2794B6D-456B-4FD2-8694-CCFB141F5A02}.Debug|Any CPU.Build.0 = Debug|Any CPU
		{E2794B6D-456B-4FD2-8694-CCFB141F5A02}.Release|Any CPU.ActiveCfg = Release|Any CPU
		{E2794B6D-456B-4FD2-8694-CCFB141F5A02}.Release|Any CPU.Build.0 = Release|Any CPU
		{3A94F38B-7B28-4F77-B448-A643DA30EF69}.Debug|Any CPU.ActiveCfg = Debug|Any CPU
		{3A94F38B-7B28-4F77-B448-A643DA30EF69}.Debug|Any CPU.Build.0 = Debug|Any CPU
		{3A94F38B-7B28-4F77-B448-A643DA30EF69}.Release|Any CPU.ActiveCfg = Release|Any CPU
		{3A94F38B-7B28-4F77-B448-A643DA30EF69}.Release|Any CPU.Build.0 = Release|Any CPU
		{4EC2EA06-3477-4F22-98B4-70DC29FC67A8}.Debug|Any CPU.ActiveCfg = Debug|Any CPU
		{4EC2EA06-3477-4F22-98B4-70DC29FC67A8}.Debug|Any CPU.Build.0 = Debug|Any CPU
		{4EC2EA06-3477-4F22-98B4-70DC29FC67A8}.Release|Any CPU.ActiveCfg = Release|Any CPU
		{4EC2EA06-3477-4F22-98B4-70DC29FC67A8}.Release|Any CPU.Build.0 = Release|Any CPU
		{677DDD47-E2DD-482F-9804-7B5BC61BE7B8}.Debug|Any CPU.ActiveCfg = Debug|Any CPU
		{677DDD47-E2DD-482F-9804-7B5BC61BE7B8}.Debug|Any CPU.Build.0 = Debug|Any CPU
		{677DDD47-E2DD-482F-9804-7B5BC61BE7B8}.Release|Any CPU.ActiveCfg = Release|Any CPU
		{677DDD47-E2DD-482F-9804-7B5BC61BE7B8}.Release|Any CPU.Build.0 = Release|Any CPU
		{2FB7D98B-ACA6-4F8B-8B5C-EDF48778860A}.Debug|Any CPU.ActiveCfg = Debug|Any CPU
		{2FB7D98B-ACA6-4F8B-8B5C-EDF48778860A}.Debug|Any CPU.Build.0 = Debug|Any CPU
		{2FB7D98B-ACA6-4F8B-8B5C-EDF48778860A}.Release|Any CPU.ActiveCfg = Release|Any CPU
		{2FB7D98B-ACA6-4F8B-8B5C-EDF48778860A}.Release|Any CPU.Build.0 = Release|Any CPU
		{D25D12F9-952C-484F-8E23-CA4F207FEC79}.Debug|Any CPU.ActiveCfg = Debug|Any CPU
		{D25D12F9-952C-484F-8E23-CA4F207FEC79}.Debug|Any CPU.Build.0 = Debug|Any CPU
		{D25D12F9-952C-484F-8E23-CA4F207FEC79}.Release|Any CPU.ActiveCfg = Release|Any CPU
		{D25D12F9-952C-484F-8E23-CA4F207FEC79}.Release|Any CPU.Build.0 = Release|Any CPU
		{4AAD17AA-1127-471A-8D28-BA1C5DA7D18A}.Debug|Any CPU.ActiveCfg = Debug|Any CPU
		{4AAD17AA-1127-471A-8D28-BA1C5DA7D18A}.Debug|Any CPU.Build.0 = Debug|Any CPU
		{4AAD17AA-1127-471A-8D28-BA1C5DA7D18A}.Release|Any CPU.ActiveCfg = Release|Any CPU
		{4AAD17AA-1127-471A-8D28-BA1C5DA7D18A}.Release|Any CPU.Build.0 = Release|Any CPU
		{F8B3BF9E-E2EC-453B-8BCE-5425D3749D23}.Debug|Any CPU.ActiveCfg = Debug|Any CPU
		{F8B3BF9E-E2EC-453B-8BCE-5425D3749D23}.Debug|Any CPU.Build.0 = Debug|Any CPU
		{F8B3BF9E-E2EC-453B-8BCE-5425D3749D23}.Release|Any CPU.ActiveCfg = Release|Any CPU
		{F8B3BF9E-E2EC-453B-8BCE-5425D3749D23}.Release|Any CPU.Build.0 = Release|Any CPU
		{9D8D68B1-BBBB-4290-9D8F-263B4EFA26FC}.Debug|Any CPU.ActiveCfg = Debug|Any CPU
		{9D8D68B1-BBBB-4290-9D8F-263B4EFA26FC}.Debug|Any CPU.Build.0 = Debug|Any CPU
		{9D8D68B1-BBBB-4290-9D8F-263B4EFA26FC}.Release|Any CPU.ActiveCfg = Release|Any CPU
		{9D8D68B1-BBBB-4290-9D8F-263B4EFA26FC}.Release|Any CPU.Build.0 = Release|Any CPU
		{86422A30-BBF3-45BE-84B5-B53C2351319D}.Debug|Any CPU.ActiveCfg = Debug|Any CPU
		{86422A30-BBF3-45BE-84B5-B53C2351319D}.Debug|Any CPU.Build.0 = Debug|Any CPU
		{86422A30-BBF3-45BE-84B5-B53C2351319D}.Release|Any CPU.ActiveCfg = Release|Any CPU
		{86422A30-BBF3-45BE-84B5-B53C2351319D}.Release|Any CPU.Build.0 = Release|Any CPU
		{D9B27E8F-E993-472A-8F2E-90BDD7626B5B}.Debug|Any CPU.ActiveCfg = Debug|Any CPU
		{D9B27E8F-E993-472A-8F2E-90BDD7626B5B}.Debug|Any CPU.Build.0 = Debug|Any CPU
		{D9B27E8F-E993-472A-8F2E-90BDD7626B5B}.Release|Any CPU.ActiveCfg = Release|Any CPU
		{D9B27E8F-E993-472A-8F2E-90BDD7626B5B}.Release|Any CPU.Build.0 = Release|Any CPU
		{5C652B98-87C1-45CD-AB44-6F475223EFD4}.Debug|Any CPU.ActiveCfg = Debug|Any CPU
		{5C652B98-87C1-45CD-AB44-6F475223EFD4}.Release|Any CPU.ActiveCfg = Release|Any CPU
	EndGlobalSection
	GlobalSection(SolutionProperties) = preSolution
		HideSolutionNode = FALSE
	EndGlobalSection
	GlobalSection(NestedProjects) = preSolution
		{3A94F38B-7B28-4F77-B448-A643DA30EF69} = {FA405FFF-76C8-4D29-A6C1-FE0A3670A249}
		{677DDD47-E2DD-482F-9804-7B5BC61BE7B8} = {FA405FFF-76C8-4D29-A6C1-FE0A3670A249}
		{2FB7D98B-ACA6-4F8B-8B5C-EDF48778860A} = {FA405FFF-76C8-4D29-A6C1-FE0A3670A249}
		{D25D12F9-952C-484F-8E23-CA4F207FEC79} = {FA405FFF-76C8-4D29-A6C1-FE0A3670A249}
		{F8B3BF9E-E2EC-453B-8BCE-5425D3749D23} = {FA405FFF-76C8-4D29-A6C1-FE0A3670A249}
		{9D8D68B1-BBBB-4290-9D8F-263B4EFA26FC} = {FA405FFF-76C8-4D29-A6C1-FE0A3670A249}
	EndGlobalSection
	GlobalSection(ExtensibilityGlobals) = postSolution
		SolutionGuid = {B986E605-8155-4B4A-A8AD-A8A590B68A35}
	EndGlobalSection
EndGlobal
