
Microsoft Visual Studio Solution File, Format Version 12.00
# Visual Studio 14
VisualStudioVersion = 14.0.25420.1
MinimumVisualStudioVersion = 10.0.40219.1
Project("{CC5FD16D-436D-48AD-A40C-5A424C6E3E79}") = "SFA.DAS.Data", "SFA.DAS.Data\SFA.DAS.Data.ccproj", "{52E3443E-ABB9-4BBD-9C15-8EA6B900D272}"
EndProject
Project("{FAE04EC0-301F-11D3-BF4B-00C04F79EFBC}") = "SFA.DAS.Data.AccountRegistration", "SFA.DAS.Data.AccountRegistration\SFA.DAS.Data.AccountRegistration.csproj", "{4F62125D-8C51-458D-96D3-8A47B87AB9EB}"
EndProject
Project("{FAE04EC0-301F-11D3-BF4B-00C04F79EFBC}") = "SFA.DAS.Data.Pipeline", "SFA.DAS.Data.Pipeline\SFA.DAS.Data.Pipeline.csproj", "{8AAB8A86-15FB-4A8D-A0C3-97B1941F0367}"
EndProject
Project("{FAE04EC0-301F-11D3-BF4B-00C04F79EFBC}") = "SFA.DAS.Data.Pipeline.Tests", "SFA.DAS.Data.Pipeline.Tests\SFA.DAS.Data.Pipeline.Tests.csproj", "{F1CD67F6-2346-43D2-9B3E-5D7C3DE9BE3D}"
EndProject
Global
	GlobalSection(SolutionConfigurationPlatforms) = preSolution
		Debug|Any CPU = Debug|Any CPU
		Release|Any CPU = Release|Any CPU
	EndGlobalSection
	GlobalSection(ProjectConfigurationPlatforms) = postSolution
		{52E3443E-ABB9-4BBD-9C15-8EA6B900D272}.Debug|Any CPU.ActiveCfg = Debug|Any CPU
		{52E3443E-ABB9-4BBD-9C15-8EA6B900D272}.Debug|Any CPU.Build.0 = Debug|Any CPU
		{52E3443E-ABB9-4BBD-9C15-8EA6B900D272}.Release|Any CPU.ActiveCfg = Release|Any CPU
		{52E3443E-ABB9-4BBD-9C15-8EA6B900D272}.Release|Any CPU.Build.0 = Release|Any CPU
		{4F62125D-8C51-458D-96D3-8A47B87AB9EB}.Debug|Any CPU.ActiveCfg = Debug|Any CPU
		{4F62125D-8C51-458D-96D3-8A47B87AB9EB}.Debug|Any CPU.Build.0 = Debug|Any CPU
		{4F62125D-8C51-458D-96D3-8A47B87AB9EB}.Release|Any CPU.ActiveCfg = Release|Any CPU
		{4F62125D-8C51-458D-96D3-8A47B87AB9EB}.Release|Any CPU.Build.0 = Release|Any CPU
		{8AAB8A86-15FB-4A8D-A0C3-97B1941F0367}.Debug|Any CPU.ActiveCfg = Debug|Any CPU
		{8AAB8A86-15FB-4A8D-A0C3-97B1941F0367}.Debug|Any CPU.Build.0 = Debug|Any CPU
		{8AAB8A86-15FB-4A8D-A0C3-97B1941F0367}.Release|Any CPU.ActiveCfg = Release|Any CPU
		{8AAB8A86-15FB-4A8D-A0C3-97B1941F0367}.Release|Any CPU.Build.0 = Release|Any CPU
		{F1CD67F6-2346-43D2-9B3E-5D7C3DE9BE3D}.Debug|Any CPU.ActiveCfg = Debug|Any CPU
		{F1CD67F6-2346-43D2-9B3E-5D7C3DE9BE3D}.Debug|Any CPU.Build.0 = Debug|Any CPU
		{F1CD67F6-2346-43D2-9B3E-5D7C3DE9BE3D}.Release|Any CPU.ActiveCfg = Release|Any CPU
		{F1CD67F6-2346-43D2-9B3E-5D7C3DE9BE3D}.Release|Any CPU.Build.0 = Release|Any CPU
	EndGlobalSection
	GlobalSection(SolutionProperties) = preSolution
		HideSolutionNode = FALSE
	EndGlobalSection
EndGlobal
