
Microsoft Visual Studio Solution File, Format Version 12.00
# Visual Studio 14
VisualStudioVersion = 14.0.25420.1
MinimumVisualStudioVersion = 10.0.40219.1
Project("{CC5FD16D-436D-48AD-A40C-5A424C6E3E79}") = "SFA.DAS.Data", "SFA.DAS.Data\SFA.DAS.Data.ccproj", "{52E3443E-ABB9-4BBD-9C15-8EA6B900D272}"
EndProject
Project("{FAE04EC0-301F-11D3-BF4B-00C04F79EFBC}") = "SFA.DAS.Data.AccountRegistration", "SFA.DAS.Data.AccountRegistration\SFA.DAS.Data.AccountRegistration.csproj", "{4F62125D-8C51-458D-96D3-8A47B87AB9EB}"
EndProject
Project("{FAE04EC0-301F-11D3-BF4B-00C04F79EFBC}") = "SFA.DAS.Data.Pipeline", "SFA.DAS.Data.Pipeline\SFA.DAS.Data.Pipeline.csproj", "{8AAB8A86-15FB-4A8D-A0C3-97B1941F0367}"
EndProject
Project("{FAE04EC0-301F-11D3-BF4B-00C04F79EFBC}") = "SFA.DAS.Data.Pipeline.UnitTests", "SFA.DAS.Data.Pipeline.UnitTests\SFA.DAS.Data.Pipeline.UnitTests.csproj", "{F1CD67F6-2346-43D2-9B3E-5D7C3DE9BE3D}"
EndProject
Project("{FAE04EC0-301F-11D3-BF4B-00C04F79EFBC}") = "SFA.DAS.Data.AccountBalance", "SFA.DAS.Data.AccountBalance\SFA.DAS.Data.AccountBalance.csproj", "{DE52E169-D423-41FB-8102-1F81F7CB14EE}"
EndProject
Project("{2150E333-8FDC-42A3-9474-1A3956D46DE8}") = "Solution Items", "Solution Items", "{808AA0D0-5470-4B62-AAE5-C399E7C1B2AD}"
	ProjectSection(SolutionItems) = preProject
		Build.fsx = Build.fsx
		Tools\Nuget\NuGet.exe = Tools\Nuget\NuGet.exe
		RunBuild.bat = RunBuild.bat
	EndProjectSection
EndProject
Project("{2150E333-8FDC-42A3-9474-1A3956D46DE8}") = "Tests", "Tests", "{FA405FFF-76C8-4D29-A6C1-FE0A3670A249}"
EndProject
Project("{FAE04EC0-301F-11D3-BF4B-00C04F79EFBC}") = "SFA.DAS.Data.AccountBalance.UnitTests", "SFA.DAS.Data.AccountBalance.UnitTests\SFA.DAS.Data.AccountBalance.UnitTests.csproj", "{7ED202E0-6C28-4389-997F-D8372DFA50F7}"
EndProject
Project("{00D1A9C2-B5F0-4AF3-8072-F6C62B433612}") = "SFA.DAS.Data.Database", "SFA.DAS.Data.Database\SFA.DAS.Data.Database.sqlproj", "{41BB71F2-1220-486D-99F8-71A9D69B1296}"
EndProject
Project("{FAE04EC0-301F-11D3-BF4B-00C04F79EFBC}") = "SFA.DAS.Data.Infrastructure", "SFA.DAS.Data.Infrastructure\SFA.DAS.Data.Infrastructure.csproj", "{1634D299-63E6-45DC-B161-AD8BDBDB0C40}"
EndProject
Project("{FAE04EC0-301F-11D3-BF4B-00C04F79EFBC}") = "SFA.DAS.Data.Application", "SFA.DAS.Data.Application\SFA.DAS.Data.Application.csproj", "{E2794B6D-456B-4FD2-8694-CCFB141F5A02}"
EndProject
Project("{FAE04EC0-301F-11D3-BF4B-00C04F79EFBC}") = "SFA.DAS.Data.Application.UnitTests", "SFA.DAS.Data.Application.UnitTests\SFA.DAS.Data.Application.UnitTests.csproj", "{3A94F38B-7B28-4F77-B448-A643DA30EF69}"
EndProject
Project("{FAE04EC0-301F-11D3-BF4B-00C04F79EFBC}") = "SFA.DAS.Data.Bus", "SFA.DAS.Data.Bus\SFA.DAS.Data.Bus.csproj", "{5BD7DEDA-DAAD-4D8C-AB8F-A0F3D4E9EB82}"
EndProject
Global
	GlobalSection(SolutionConfigurationPlatforms) = preSolution
		Debug|Any CPU = Debug|Any CPU
		Release|Any CPU = Release|Any CPU
	EndGlobalSection
	GlobalSection(ProjectConfigurationPlatforms) = postSolution
		{52E3443E-ABB9-4BBD-9C15-8EA6B900D272}.Debug|Any CPU.ActiveCfg = Debug|Any CPU
		{52E3443E-ABB9-4BBD-9C15-8EA6B900D272}.Debug|Any CPU.Build.0 = Debug|Any CPU
		{52E3443E-ABB9-4BBD-9C15-8EA6B900D272}.Release|Any CPU.ActiveCfg = Release|Any CPU
		{52E3443E-ABB9-4BBD-9C15-8EA6B900D272}.Release|Any CPU.Build.0 = Release|Any CPU
		{4F62125D-8C51-458D-96D3-8A47B87AB9EB}.Debug|Any CPU.ActiveCfg = Debug|Any CPU
		{4F62125D-8C51-458D-96D3-8A47B87AB9EB}.Debug|Any CPU.Build.0 = Debug|Any CPU
		{4F62125D-8C51-458D-96D3-8A47B87AB9EB}.Release|Any CPU.ActiveCfg = Release|Any CPU
		{4F62125D-8C51-458D-96D3-8A47B87AB9EB}.Release|Any CPU.Build.0 = Release|Any CPU
		{8AAB8A86-15FB-4A8D-A0C3-97B1941F0367}.Debug|Any CPU.ActiveCfg = Debug|Any CPU
		{8AAB8A86-15FB-4A8D-A0C3-97B1941F0367}.Debug|Any CPU.Build.0 = Debug|Any CPU
		{8AAB8A86-15FB-4A8D-A0C3-97B1941F0367}.Release|Any CPU.ActiveCfg = Release|Any CPU
		{8AAB8A86-15FB-4A8D-A0C3-97B1941F0367}.Release|Any CPU.Build.0 = Release|Any CPU
		{F1CD67F6-2346-43D2-9B3E-5D7C3DE9BE3D}.Debug|Any CPU.ActiveCfg = Debug|Any CPU
		{F1CD67F6-2346-43D2-9B3E-5D7C3DE9BE3D}.Debug|Any CPU.Build.0 = Debug|Any CPU
		{F1CD67F6-2346-43D2-9B3E-5D7C3DE9BE3D}.Release|Any CPU.ActiveCfg = Release|Any CPU
		{F1CD67F6-2346-43D2-9B3E-5D7C3DE9BE3D}.Release|Any CPU.Build.0 = Release|Any CPU
		{DE52E169-D423-41FB-8102-1F81F7CB14EE}.Debug|Any CPU.ActiveCfg = Debug|Any CPU
		{DE52E169-D423-41FB-8102-1F81F7CB14EE}.Debug|Any CPU.Build.0 = Debug|Any CPU
		{DE52E169-D423-41FB-8102-1F81F7CB14EE}.Release|Any CPU.ActiveCfg = Release|Any CPU
		{DE52E169-D423-41FB-8102-1F81F7CB14EE}.Release|Any CPU.Build.0 = Release|Any CPU
		{7ED202E0-6C28-4389-997F-D8372DFA50F7}.Debug|Any CPU.ActiveCfg = Debug|Any CPU
		{7ED202E0-6C28-4389-997F-D8372DFA50F7}.Debug|Any CPU.Build.0 = Debug|Any CPU
		{7ED202E0-6C28-4389-997F-D8372DFA50F7}.Release|Any CPU.ActiveCfg = Release|Any CPU
		{7ED202E0-6C28-4389-997F-D8372DFA50F7}.Release|Any CPU.Build.0 = Release|Any CPU
		{41BB71F2-1220-486D-99F8-71A9D69B1296}.Debug|Any CPU.ActiveCfg = Debug|Any CPU
		{41BB71F2-1220-486D-99F8-71A9D69B1296}.Debug|Any CPU.Build.0 = Debug|Any CPU
		{41BB71F2-1220-486D-99F8-71A9D69B1296}.Debug|Any CPU.Deploy.0 = Debug|Any CPU
		{41BB71F2-1220-486D-99F8-71A9D69B1296}.Release|Any CPU.ActiveCfg = Release|Any CPU
		{41BB71F2-1220-486D-99F8-71A9D69B1296}.Release|Any CPU.Build.0 = Release|Any CPU
		{41BB71F2-1220-486D-99F8-71A9D69B1296}.Release|Any CPU.Deploy.0 = Release|Any CPU
		{1634D299-63E6-45DC-B161-AD8BDBDB0C40}.Debug|Any CPU.ActiveCfg = Debug|Any CPU
		{1634D299-63E6-45DC-B161-AD8BDBDB0C40}.Debug|Any CPU.Build.0 = Debug|Any CPU
		{1634D299-63E6-45DC-B161-AD8BDBDB0C40}.Release|Any CPU.ActiveCfg = Release|Any CPU
		{1634D299-63E6-45DC-B161-AD8BDBDB0C40}.Release|Any CPU.Build.0 = Release|Any CPU
		{E2794B6D-456B-4FD2-8694-CCFB141F5A02}.Debug|Any CPU.ActiveCfg = Debug|Any CPU
		{E2794B6D-456B-4FD2-8694-CCFB141F5A02}.Debug|Any CPU.Build.0 = Debug|Any CPU
		{E2794B6D-456B-4FD2-8694-CCFB141F5A02}.Release|Any CPU.ActiveCfg = Release|Any CPU
		{E2794B6D-456B-4FD2-8694-CCFB141F5A02}.Release|Any CPU.Build.0 = Release|Any CPU
		{3A94F38B-7B28-4F77-B448-A643DA30EF69}.Debug|Any CPU.ActiveCfg = Debug|Any CPU
		{3A94F38B-7B28-4F77-B448-A643DA30EF69}.Debug|Any CPU.Build.0 = Debug|Any CPU
		{3A94F38B-7B28-4F77-B448-A643DA30EF69}.Release|Any CPU.ActiveCfg = Release|Any CPU
		{3A94F38B-7B28-4F77-B448-A643DA30EF69}.Release|Any CPU.Build.0 = Release|Any CPU
		{5BD7DEDA-DAAD-4D8C-AB8F-A0F3D4E9EB82}.Debug|Any CPU.ActiveCfg = Debug|Any CPU
		{5BD7DEDA-DAAD-4D8C-AB8F-A0F3D4E9EB82}.Debug|Any CPU.Build.0 = Debug|Any CPU
		{5BD7DEDA-DAAD-4D8C-AB8F-A0F3D4E9EB82}.Release|Any CPU.ActiveCfg = Release|Any CPU
		{5BD7DEDA-DAAD-4D8C-AB8F-A0F3D4E9EB82}.Release|Any CPU.Build.0 = Release|Any CPU
	EndGlobalSection
	GlobalSection(SolutionProperties) = preSolution
		HideSolutionNode = FALSE
	EndGlobalSection
	GlobalSection(NestedProjects) = preSolution
		{F1CD67F6-2346-43D2-9B3E-5D7C3DE9BE3D} = {FA405FFF-76C8-4D29-A6C1-FE0A3670A249}
		{7ED202E0-6C28-4389-997F-D8372DFA50F7} = {FA405FFF-76C8-4D29-A6C1-FE0A3670A249}
		{3A94F38B-7B28-4F77-B448-A643DA30EF69} = {FA405FFF-76C8-4D29-A6C1-FE0A3670A249}
	EndGlobalSection
EndGlobal
